// !$*UTF8*$!
{
	archiveVersion = 1;
	classes = {
	};
	objectVersion = 48;
	objects = {

/* Begin PBXBuildFile section */
		14DE4D4A20424E77003C7BF4 /* AppDelegate.swift in Sources */ = {isa = PBXBuildFile; fileRef = 14DE4D4920424E77003C7BF4 /* AppDelegate.swift */; };
		14DE4D4C20424E77003C7BF4 /* ViewController.swift in Sources */ = {isa = PBXBuildFile; fileRef = 14DE4D4B20424E77003C7BF4 /* ViewController.swift */; };
		14DE4D4F20424E77003C7BF4 /* Main.storyboard in Resources */ = {isa = PBXBuildFile; fileRef = 14DE4D4D20424E77003C7BF4 /* Main.storyboard */; };
		14DE4D5120424E77003C7BF4 /* Assets.xcassets in Resources */ = {isa = PBXBuildFile; fileRef = 14DE4D5020424E77003C7BF4 /* Assets.xcassets */; };
		14DE4D5420424E77003C7BF4 /* LaunchScreen.storyboard in Resources */ = {isa = PBXBuildFile; fileRef = 14DE4D5220424E77003C7BF4 /* LaunchScreen.storyboard */; };
		D6E787282092CEC1007E64C1 /* UIImage+Ex.swift in Sources */ = {isa = PBXBuildFile; fileRef = D6E787272092CEC1007E64C1 /* UIImage+Ex.swift */; };
		D6EE23322044E41B00E8C3AF /* SingleMedia.swift in Sources */ = {isa = PBXBuildFile; fileRef = D6EE23302044E41B00E8C3AF /* SingleMedia.swift */; };
		D6EE23332044E41B00E8C3AF /* UIView+SnapShot.swift in Sources */ = {isa = PBXBuildFile; fileRef = D6EE23312044E41B00E8C3AF /* UIView+SnapShot.swift */; };
		D6EE233F2044E45700E8C3AF /* FullScreenImageBrowser.bundle in Resources */ = {isa = PBXBuildFile; fileRef = D6EE23352044E45700E8C3AF /* FullScreenImageBrowser.bundle */; };
		D6EE23402044E45700E8C3AF /* FullScreenImageTransitionAnimator.swift in Sources */ = {isa = PBXBuildFile; fileRef = D6EE23372044E45700E8C3AF /* FullScreenImageTransitionAnimator.swift */; };
		D6EE23412044E45700E8C3AF /* FullScreenImageBrowser.swift in Sources */ = {isa = PBXBuildFile; fileRef = D6EE23392044E45700E8C3AF /* FullScreenImageBrowser.swift */; };
		D6EE23422044E45700E8C3AF /* FullScreenImageBrowserViewModel.swift in Sources */ = {isa = PBXBuildFile; fileRef = D6EE233A2044E45700E8C3AF /* FullScreenImageBrowserViewModel.swift */; };
		D6EE23432044E45700E8C3AF /* MediaDownloadable.swift in Sources */ = {isa = PBXBuildFile; fileRef = D6EE233B2044E45700E8C3AF /* MediaDownloadable.swift */; };
		D6EE23442044E45700E8C3AF /* MaskImageViewer.swift in Sources */ = {isa = PBXBuildFile; fileRef = D6EE233C2044E45700E8C3AF /* MaskImageViewer.swift */; };
		D6EE23452044E45700E8C3AF /* SingleImageViewer.swift in Sources */ = {isa = PBXBuildFile; fileRef = D6EE233D2044E45700E8C3AF /* SingleImageViewer.swift */; };
		D6EE23462044E45700E8C3AF /* ZoomableImageView.swift in Sources */ = {isa = PBXBuildFile; fileRef = D6EE233E2044E45700E8C3AF /* ZoomableImageView.swift */; };
/* End PBXBuildFile section */

/* Begin PBXFileReference section */
		14DE4D4620424E77003C7BF4 /* A_J_Full_Screen_Image_Browser.app */ = {isa = PBXFileReference; explicitFileType = wrapper.application; includeInIndex = 0; path = A_J_Full_Screen_Image_Browser.app; sourceTree = BUILT_PRODUCTS_DIR; };
		14DE4D4920424E77003C7BF4 /* AppDelegate.swift */ = {isa = PBXFileReference; lastKnownFileType = sourcecode.swift; path = AppDelegate.swift; sourceTree = "<group>"; };
		14DE4D4B20424E77003C7BF4 /* ViewController.swift */ = {isa = PBXFileReference; lastKnownFileType = sourcecode.swift; path = ViewController.swift; sourceTree = "<group>"; };
		14DE4D4E20424E77003C7BF4 /* Base */ = {isa = PBXFileReference; lastKnownFileType = file.storyboard; name = Base; path = Base.lproj/Main.storyboard; sourceTree = "<group>"; };
		14DE4D5020424E77003C7BF4 /* Assets.xcassets */ = {isa = PBXFileReference; lastKnownFileType = folder.assetcatalog; path = Assets.xcassets; sourceTree = "<group>"; };
		14DE4D5320424E77003C7BF4 /* Base */ = {isa = PBXFileReference; lastKnownFileType = file.storyboard; name = Base; path = Base.lproj/LaunchScreen.storyboard; sourceTree = "<group>"; };
		14DE4D5520424E77003C7BF4 /* Info.plist */ = {isa = PBXFileReference; lastKnownFileType = text.plist.xml; path = Info.plist; sourceTree = "<group>"; };
		D6E787272092CEC1007E64C1 /* UIImage+Ex.swift */ = {isa = PBXFileReference; lastKnownFileType = sourcecode.swift; path = "UIImage+Ex.swift"; sourceTree = "<group>"; };
		D6EE23302044E41B00E8C3AF /* SingleMedia.swift */ = {isa = PBXFileReference; fileEncoding = 4; lastKnownFileType = sourcecode.swift; path = SingleMedia.swift; sourceTree = "<group>"; };
		D6EE23312044E41B00E8C3AF /* UIView+SnapShot.swift */ = {isa = PBXFileReference; fileEncoding = 4; lastKnownFileType = sourcecode.swift; path = "UIView+SnapShot.swift"; sourceTree = "<group>"; };
		D6EE23352044E45700E8C3AF /* FullScreenImageBrowser.bundle */ = {isa = PBXFileReference; lastKnownFileType = "wrapper.plug-in"; path = FullScreenImageBrowser.bundle; sourceTree = "<group>"; };
		D6EE23372044E45700E8C3AF /* FullScreenImageTransitionAnimator.swift */ = {isa = PBXFileReference; fileEncoding = 4; lastKnownFileType = sourcecode.swift; path = FullScreenImageTransitionAnimator.swift; sourceTree = "<group>"; };
		D6EE23392044E45700E8C3AF /* FullScreenImageBrowser.swift */ = {isa = PBXFileReference; fileEncoding = 4; lastKnownFileType = sourcecode.swift; path = FullScreenImageBrowser.swift; sourceTree = "<group>"; };
		D6EE233A2044E45700E8C3AF /* FullScreenImageBrowserViewModel.swift */ = {isa = PBXFileReference; fileEncoding = 4; lastKnownFileType = sourcecode.swift; path = FullScreenImageBrowserViewModel.swift; sourceTree = "<group>"; };
		D6EE233B2044E45700E8C3AF /* MediaDownloadable.swift */ = {isa = PBXFileReference; fileEncoding = 4; lastKnownFileType = sourcecode.swift; path = MediaDownloadable.swift; sourceTree = "<group>"; };
		D6EE233C2044E45700E8C3AF /* MaskImageViewer.swift */ = {isa = PBXFileReference; fileEncoding = 4; lastKnownFileType = sourcecode.swift; path = MaskImageViewer.swift; sourceTree = "<group>"; };
		D6EE233D2044E45700E8C3AF /* SingleImageViewer.swift */ = {isa = PBXFileReference; fileEncoding = 4; lastKnownFileType = sourcecode.swift; path = SingleImageViewer.swift; sourceTree = "<group>"; };
		D6EE233E2044E45700E8C3AF /* ZoomableImageView.swift */ = {isa = PBXFileReference; fileEncoding = 4; lastKnownFileType = sourcecode.swift; path = ZoomableImageView.swift; sourceTree = "<group>"; };
/* End PBXFileReference section */

/* Begin PBXFrameworksBuildPhase section */
		14DE4D4320424E77003C7BF4 /* Frameworks */ = {
			isa = PBXFrameworksBuildPhase;
			buildActionMask = 2147483647;
			files = (
			);
			runOnlyForDeploymentPostprocessing = 0;
		};
/* End PBXFrameworksBuildPhase section */

/* Begin PBXGroup section */
		14DE4D3D20424E77003C7BF4 = {
			isa = PBXGroup;
			children = (
				14DE4D4820424E77003C7BF4 /* A_J_Full_Screen_Image_Browser */,
				14DE4D4720424E77003C7BF4 /* Products */,
			);
			sourceTree = "<group>";
		};
		14DE4D4720424E77003C7BF4 /* Products */ = {
			isa = PBXGroup;
			children = (
				14DE4D4620424E77003C7BF4 /* A_J_Full_Screen_Image_Browser.app */,
			);
			name = Products;
			sourceTree = "<group>";
		};
		14DE4D4820424E77003C7BF4 /* A_J_Full_Screen_Image_Browser */ = {
			isa = PBXGroup;
			children = (
				D6EE23382044E45700E8C3AF /* core */,
				D6EE232F2044E41B00E8C3AF /* helper */,
				D6EE23342044E45700E8C3AF /* asset */,
				D6EE23362044E45700E8C3AF /* animator */,
				14DE4D4920424E77003C7BF4 /* AppDelegate.swift */,
				14DE4D4B20424E77003C7BF4 /* ViewController.swift */,
				14DE4D4D20424E77003C7BF4 /* Main.storyboard */,
				14DE4D5020424E77003C7BF4 /* Assets.xcassets */,
				14DE4D5220424E77003C7BF4 /* LaunchScreen.storyboard */,
				14DE4D5520424E77003C7BF4 /* Info.plist */,
			);
			path = A_J_Full_Screen_Image_Browser;
			sourceTree = "<group>";
		};
		D6EE232F2044E41B00E8C3AF /* helper */ = {
			isa = PBXGroup;
			children = (
				D6EE23302044E41B00E8C3AF /* SingleMedia.swift */,
				D6EE23312044E41B00E8C3AF /* UIView+SnapShot.swift */,
				D6E787272092CEC1007E64C1 /* UIImage+Ex.swift */,
			);
			path = helper;
			sourceTree = "<group>";
		};
		D6EE23342044E45700E8C3AF /* asset */ = {
			isa = PBXGroup;
			children = (
				D6EE23352044E45700E8C3AF /* FullScreenImageBrowser.bundle */,
			);
			path = asset;
			sourceTree = "<group>";
		};
		D6EE23362044E45700E8C3AF /* animator */ = {
			isa = PBXGroup;
			children = (
				D6EE23372044E45700E8C3AF /* FullScreenImageTransitionAnimator.swift */,
			);
			path = animator;
			sourceTree = "<group>";
		};
		D6EE23382044E45700E8C3AF /* core */ = {
			isa = PBXGroup;
			children = (
				D6EE23392044E45700E8C3AF /* FullScreenImageBrowser.swift */,
				D6EE233A2044E45700E8C3AF /* FullScreenImageBrowserViewModel.swift */,
				D6EE233B2044E45700E8C3AF /* MediaDownloadable.swift */,
				D6EE233C2044E45700E8C3AF /* MaskImageViewer.swift */,
				D6EE233D2044E45700E8C3AF /* SingleImageViewer.swift */,
				D6EE233E2044E45700E8C3AF /* ZoomableImageView.swift */,
			);
			path = core;
			sourceTree = "<group>";
		};
/* End PBXGroup section */

/* Begin PBXNativeTarget section */
		14DE4D4520424E77003C7BF4 /* A_J_Full_Screen_Image_Browser */ = {
			isa = PBXNativeTarget;
			buildConfigurationList = 14DE4D5820424E77003C7BF4 /* Build configuration list for PBXNativeTarget "A_J_Full_Screen_Image_Browser" */;
			buildPhases = (
				14DE4D4220424E77003C7BF4 /* Sources */,
				14DE4D4320424E77003C7BF4 /* Frameworks */,
				14DE4D4420424E77003C7BF4 /* Resources */,
			);
			buildRules = (
			);
			dependencies = (
			);
			name = A_J_Full_Screen_Image_Browser;
			productName = A_J_Full_Screen_Image_Browser;
			productReference = 14DE4D4620424E77003C7BF4 /* A_J_Full_Screen_Image_Browser.app */;
			productType = "com.apple.product-type.application";
		};
/* End PBXNativeTarget section */

/* Begin PBXProject section */
		14DE4D3E20424E77003C7BF4 /* Project object */ = {
			isa = PBXProject;
			attributes = {
				LastSwiftUpdateCheck = 0920;
				LastUpgradeCheck = 0920;
				ORGANIZATIONNAME = "Junliang Jiang";
				TargetAttributes = {
					14DE4D4520424E77003C7BF4 = {
						CreatedOnToolsVersion = 9.2;
						ProvisioningStyle = Manual;
					};
				};
			};
			buildConfigurationList = 14DE4D4120424E77003C7BF4 /* Build configuration list for PBXProject "A_J_Full_Screen_Image_Browser" */;
			compatibilityVersion = "Xcode 8.0";
			developmentRegion = en;
			hasScannedForEncodings = 0;
			knownRegions = (
				en,
				Base,
			);
			mainGroup = 14DE4D3D20424E77003C7BF4;
			productRefGroup = 14DE4D4720424E77003C7BF4 /* Products */;
			projectDirPath = "";
			projectRoot = "";
			targets = (
				14DE4D4520424E77003C7BF4 /* A_J_Full_Screen_Image_Browser */,
			);
		};
/* End PBXProject section */

/* Begin PBXResourcesBuildPhase section */
		14DE4D4420424E77003C7BF4 /* Resources */ = {
			isa = PBXResourcesBuildPhase;
			buildActionMask = 2147483647;
			files = (
				14DE4D5420424E77003C7BF4 /* LaunchScreen.storyboard in Resources */,
				14DE4D5120424E77003C7BF4 /* Assets.xcassets in Resources */,
				14DE4D4F20424E77003C7BF4 /* Main.storyboard in Resources */,
				D6EE233F2044E45700E8C3AF /* FullScreenImageBrowser.bundle in Resources */,
			);
			runOnlyForDeploymentPostprocessing = 0;
		};
/* End PBXResourcesBuildPhase section */

/* Begin PBXSourcesBuildPhase section */
		14DE4D4220424E77003C7BF4 /* Sources */ = {
			isa = PBXSourcesBuildPhase;
			buildActionMask = 2147483647;
			files = (
				D6EE23432044E45700E8C3AF /* MediaDownloadable.swift in Sources */,
				D6EE23452044E45700E8C3AF /* SingleImageViewer.swift in Sources */,
				D6EE23332044E41B00E8C3AF /* UIView+SnapShot.swift in Sources */,
				14DE4D4C20424E77003C7BF4 /* ViewController.swift in Sources */,
				D6E787282092CEC1007E64C1 /* UIImage+Ex.swift in Sources */,
				D6EE23402044E45700E8C3AF /* FullScreenImageTransitionAnimator.swift in Sources */,
				D6EE23322044E41B00E8C3AF /* SingleMedia.swift in Sources */,
				D6EE23422044E45700E8C3AF /* FullScreenImageBrowserViewModel.swift in Sources */,
				D6EE23442044E45700E8C3AF /* MaskImageViewer.swift in Sources */,
				14DE4D4A20424E77003C7BF4 /* AppDelegate.swift in Sources */,
				D6EE23462044E45700E8C3AF /* ZoomableImageView.swift in Sources */,
				D6EE23412044E45700E8C3AF /* FullScreenImageBrowser.swift in Sources */,
			);
			runOnlyForDeploymentPostprocessing = 0;
		};
/* End PBXSourcesBuildPhase section */

/* Begin PBXVariantGroup section */
		14DE4D4D20424E77003C7BF4 /* Main.storyboard */ = {
			isa = PBXVariantGroup;
			children = (
				14DE4D4E20424E77003C7BF4 /* Base */,
			);
			name = Main.storyboard;
			sourceTree = "<group>";
		};
		14DE4D5220424E77003C7BF4 /* LaunchScreen.storyboard */ = {
			isa = PBXVariantGroup;
			children = (
				14DE4D5320424E77003C7BF4 /* Base */,
			);
			name = LaunchScreen.storyboard;
			sourceTree = "<group>";
		};
/* End PBXVariantGroup section */

/* Begin XCBuildConfiguration section */
		14DE4D5620424E77003C7BF4 /* Debug */ = {
			isa = XCBuildConfiguration;
			buildSettings = {
				ALWAYS_SEARCH_USER_PATHS = NO;
				CLANG_ANALYZER_NONNULL = YES;
				CLANG_ANALYZER_NUMBER_OBJECT_CONVERSION = YES_AGGRESSIVE;
				CLANG_CXX_LANGUAGE_STANDARD = "gnu++14";
				CLANG_CXX_LIBRARY = "libc++";
				CLANG_ENABLE_MODULES = YES;
				CLANG_ENABLE_OBJC_ARC = YES;
				CLANG_WARN_BLOCK_CAPTURE_AUTORELEASING = YES;
				CLANG_WARN_BOOL_CONVERSION = YES;
				CLANG_WARN_COMMA = YES;
				CLANG_WARN_CONSTANT_CONVERSION = YES;
				CLANG_WARN_DIRECT_OBJC_ISA_USAGE = YES_ERROR;
				CLANG_WARN_DOCUMENTATION_COMMENTS = YES;
				CLANG_WARN_EMPTY_BODY = YES;
				CLANG_WARN_ENUM_CONVERSION = YES;
				CLANG_WARN_INFINITE_RECURSION = YES;
				CLANG_WARN_INT_CONVERSION = YES;
				CLANG_WARN_NON_LITERAL_NULL_CONVERSION = YES;
				CLANG_WARN_OBJC_LITERAL_CONVERSION = YES;
				CLANG_WARN_OBJC_ROOT_CLASS = YES_ERROR;
				CLANG_WARN_RANGE_LOOP_ANALYSIS = YES;
				CLANG_WARN_STRICT_PROTOTYPES = YES;
				CLANG_WARN_SUSPICIOUS_MOVE = YES;
				CLANG_WARN_UNGUARDED_AVAILABILITY = YES_AGGRESSIVE;
				CLANG_WARN_UNREACHABLE_CODE = YES;
				CLANG_WARN__DUPLICATE_METHOD_MATCH = YES;
				CODE_SIGN_IDENTITY = "iPhone Developer";
				COPY_PHASE_STRIP = NO;
				DEBUG_INFORMATION_FORMAT = dwarf;
				ENABLE_STRICT_OBJC_MSGSEND = YES;
				ENABLE_TESTABILITY = YES;
				GCC_C_LANGUAGE_STANDARD = gnu11;
				GCC_DYNAMIC_NO_PIC = NO;
				GCC_NO_COMMON_BLOCKS = YES;
				GCC_OPTIMIZATION_LEVEL = 0;
				GCC_PREPROCESSOR_DEFINITIONS = (
					"DEBUG=1",
					"$(inherited)",
				);
				GCC_WARN_64_TO_32_BIT_CONVERSION = YES;
				GCC_WARN_ABOUT_RETURN_TYPE = YES_ERROR;
				GCC_WARN_UNDECLARED_SELECTOR = YES;
				GCC_WARN_UNINITIALIZED_AUTOS = YES_AGGRESSIVE;
				GCC_WARN_UNUSED_FUNCTION = YES;
				GCC_WARN_UNUSED_VARIABLE = YES;
				IPHONEOS_DEPLOYMENT_TARGET = 11.2;
				MTL_ENABLE_DEBUG_INFO = YES;
				ONLY_ACTIVE_ARCH = YES;
				SDKROOT = iphoneos;
				SWIFT_ACTIVE_COMPILATION_CONDITIONS = DEBUG;
				SWIFT_OPTIMIZATION_LEVEL = "-Onone";
			};
			name = Debug;
		};
		14DE4D5720424E77003C7BF4 /* Release */ = {
			isa = XCBuildConfiguration;
			buildSettings = {
				ALWAYS_SEARCH_USER_PATHS = NO;
				CLANG_ANALYZER_NONNULL = YES;
				CLANG_ANALYZER_NUMBER_OBJECT_CONVERSION = YES_AGGRESSIVE;
				CLANG_CXX_LANGUAGE_STANDARD = "gnu++14";
				CLANG_CXX_LIBRARY = "libc++";
				CLANG_ENABLE_MODULES = YES;
				CLANG_ENABLE_OBJC_ARC = YES;
				CLANG_WARN_BLOCK_CAPTURE_AUTORELEASING = YES;
				CLANG_WARN_BOOL_CONVERSION = YES;
				CLANG_WARN_COMMA = YES;
				CLANG_WARN_CONSTANT_CONVERSION = YES;
				CLANG_WARN_DIRECT_OBJC_ISA_USAGE = YES_ERROR;
				CLANG_WARN_DOCUMENTATION_COMMENTS = YES;
				CLANG_WARN_EMPTY_BODY = YES;
				CLANG_WARN_ENUM_CONVERSION = YES;
				CLANG_WARN_INFINITE_RECURSION = YES;
				CLANG_WARN_INT_CONVERSION = YES;
				CLANG_WARN_NON_LITERAL_NULL_CONVERSION = YES;
				CLANG_WARN_OBJC_LITERAL_CONVERSION = YES;
				CLANG_WARN_OBJC_ROOT_CLASS = YES_ERROR;
				CLANG_WARN_RANGE_LOOP_ANALYSIS = YES;
				CLANG_WARN_STRICT_PROTOTYPES = YES;
				CLANG_WARN_SUSPICIOUS_MOVE = YES;
				CLANG_WARN_UNGUARDED_AVAILABILITY = YES_AGGRESSIVE;
				CLANG_WARN_UNREACHABLE_CODE = YES;
				CLANG_WARN__DUPLICATE_METHOD_MATCH = YES;
				CODE_SIGN_IDENTITY = "iPhone Developer";
				COPY_PHASE_STRIP = NO;
				DEBUG_INFORMATION_FORMAT = "dwarf-with-dsym";
				ENABLE_NS_ASSERTIONS = NO;
				ENABLE_STRICT_OBJC_MSGSEND = YES;
				GCC_C_LANGUAGE_STANDARD = gnu11;
				GCC_NO_COMMON_BLOCKS = YES;
				GCC_WARN_64_TO_32_BIT_CONVERSION = YES;
				GCC_WARN_ABOUT_RETURN_TYPE = YES_ERROR;
				GCC_WARN_UNDECLARED_SELECTOR = YES;
				GCC_WARN_UNINITIALIZED_AUTOS = YES_AGGRESSIVE;
				GCC_WARN_UNUSED_FUNCTION = YES;
				GCC_WARN_UNUSED_VARIABLE = YES;
				IPHONEOS_DEPLOYMENT_TARGET = 11.2;
				MTL_ENABLE_DEBUG_INFO = NO;
				SDKROOT = iphoneos;
				SWIFT_OPTIMIZATION_LEVEL = "-Owholemodule";
				VALIDATE_PRODUCT = YES;
			};
			name = Release;
		};
		14DE4D5920424E77003C7BF4 /* Debug */ = {
			isa = XCBuildConfiguration;
			buildSettings = {
				ASSETCATALOG_COMPILER_APPICON_NAME = AppIcon;
				CODE_SIGN_STYLE = Manual;
				DEVELOPMENT_TEAM = "";
				INFOPLIST_FILE = A_J_Full_Screen_Image_Browser/Info.plist;
				IPHONEOS_DEPLOYMENT_TARGET = 11.0;
				LD_RUNPATH_SEARCH_PATHS = "$(inherited) @executable_path/Frameworks";
				PRODUCT_BUNDLE_IDENTIFIER = "io.pigfly.A-J-Full-Screen-Image-Browser";
				PRODUCT_NAME = "$(TARGET_NAME)";
				PROVISIONING_PROFILE_SPECIFIER = "";
				SWIFT_VERSION = 4.0;
				TARGETED_DEVICE_FAMILY = "1,2";
			};
			name = Debug;
		};
		14DE4D5A20424E77003C7BF4 /* Release */ = {
			isa = XCBuildConfiguration;
			buildSettings = {
				ASSETCATALOG_COMPILER_APPICON_NAME = AppIcon;
				CODE_SIGN_STYLE = Manual;
				DEVELOPMENT_TEAM = "";
				INFOPLIST_FILE = A_J_Full_Screen_Image_Browser/Info.plist;
				IPHONEOS_DEPLOYMENT_TARGET = 11.0;
				LD_RUNPATH_SEARCH_PATHS = "$(inherited) @executable_path/Frameworks";
				PRODUCT_BUNDLE_IDENTIFIER = "io.pigfly.A-J-Full-Screen-Image-Browser";
				PRODUCT_NAME = "$(TARGET_NAME)";
				PROVISIONING_PROFILE_SPECIFIER = "";
				SWIFT_VERSION = 4.0;
				TARGETED_DEVICE_FAMILY = "1,2";
			};
			name = Release;
		};
/* End XCBuildConfiguration section */

/* Begin XCConfigurationList section */
		14DE4D4120424E77003C7BF4 /* Build configuration list for PBXProject "A_J_Full_Screen_Image_Browser" */ = {
			isa = XCConfigurationList;
			buildConfigurations = (
				14DE4D5620424E77003C7BF4 /* Debug */,
				14DE4D5720424E77003C7BF4 /* Release */,
			);
			defaultConfigurationIsVisible = 0;
			defaultConfigurationName = Release;
		};
		14DE4D5820424E77003C7BF4 /* Build configuration list for PBXNativeTarget "A_J_Full_Screen_Image_Browser" */ = {
			isa = XCConfigurationList;
			buildConfigurations = (
				14DE4D5920424E77003C7BF4 /* Debug */,
				14DE4D5A20424E77003C7BF4 /* Release */,
			);
			defaultConfigurationIsVisible = 0;
			defaultConfigurationName = Release;
		};
/* End XCConfigurationList section */
	};
	rootObject = 14DE4D3E20424E77003C7BF4 /* Project object */;
}
